// !$*UTF8*$!
{
	archiveVersion = 1;
	classes = {
	};
	objectVersion = 56;
	objects = {

/* Begin PBXBuildFile section */
		E731BBC529DC037500ADC468 /* AppDelegate.swift in Sources */ = {isa = PBXBuildFile; fileRef = E731BBC429DC037500ADC468 /* AppDelegate.swift */; };
		E731BBC729DC037500ADC468 /* SceneDelegate.swift in Sources */ = {isa = PBXBuildFile; fileRef = E731BBC629DC037500ADC468 /* SceneDelegate.swift */; };
		E731BBC929DC037500ADC468 /* ViewController.swift in Sources */ = {isa = PBXBuildFile; fileRef = E731BBC829DC037500ADC468 /* ViewController.swift */; };
		E731BBCC29DC037500ADC468 /* Main.storyboard in Resources */ = {isa = PBXBuildFile; fileRef = E731BBCA29DC037500ADC468 /* Main.storyboard */; };
		E731BBCE29DC037600ADC468 /* Assets.xcassets in Resources */ = {isa = PBXBuildFile; fileRef = E731BBCD29DC037600ADC468 /* Assets.xcassets */; };
		E731BBD129DC037600ADC468 /* LaunchScreen.storyboard in Resources */ = {isa = PBXBuildFile; fileRef = E731BBCF29DC037600ADC468 /* LaunchScreen.storyboard */; };
		E731BBEB29DC041C00ADC468 /* AUiSegmented.swift in Sources */ = {isa = PBXBuildFile; fileRef = E731BBDB29DC041C00ADC468 /* AUiSegmented.swift */; };
		E731BBED29DC041C00ADC468 /* AUiSegmented+PredefinedStyles.swift in Sources */ = {isa = PBXBuildFile; fileRef = E731BBDD29DC041C00ADC468 /* AUiSegmented+PredefinedStyles.swift */; };
		E731BBEE29DC041C00ADC468 /* AUiSegmented+UIPointerInteractionDelegate.swift in Sources */ = {isa = PBXBuildFile; fileRef = E731BBDE29DC041C00ADC468 /* AUiSegmented+UIPointerInteractionDelegate.swift */; };
		E731BBEF29DC041C00ADC468 /* AUiSegmented+IBDesignable.swift in Sources */ = {isa = PBXBuildFile; fileRef = E731BBDF29DC041C00ADC468 /* AUiSegmented+IBDesignable.swift */; };
		E731BBF029DC041C00ADC468 /* UIView+Helpers.swift in Sources */ = {isa = PBXBuildFile; fileRef = E731BBE129DC041C00ADC468 /* UIView+Helpers.swift */; };
		E731BBF129DC041C00ADC468 /* UIColor+Helpers.swift in Sources */ = {isa = PBXBuildFile; fileRef = E731BBE229DC041C00ADC468 /* UIColor+Helpers.swift */; };
		E731BBF229DC041C00ADC468 /* AUiSegmented+IndicatorView.swift in Sources */ = {isa = PBXBuildFile; fileRef = E731BBE329DC041C00ADC468 /* AUiSegmented+IndicatorView.swift */; };
		E731BBF329DC041C00ADC468 /* AUiIconSegment.swift in Sources */ = {isa = PBXBuildFile; fileRef = E731BBE529DC041C00ADC468 /* AUiIconSegment.swift */; };
		E731BBF429DC041C00ADC468 /* AUiSegmentedSegment.swift in Sources */ = {isa = PBXBuildFile; fileRef = E731BBE629DC041C00ADC468 /* AUiSegmentedSegment.swift */; };
		E731BBF529DC041C00ADC468 /* AUiLabelSegment.swift in Sources */ = {isa = PBXBuildFile; fileRef = E731BBE729DC041C00ADC468 /* AUiLabelSegment.swift */; };
		E731BBF629DC041C00ADC468 /* AUiSegmented+Options.swift in Sources */ = {isa = PBXBuildFile; fileRef = E731BBE829DC041C00ADC468 /* AUiSegmented+Options.swift */; };
/* End PBXBuildFile section */

/* Begin PBXFileReference section */
		E731BBC129DC037500ADC468 /* AuiSegment.app */ = {isa = PBXFileReference; explicitFileType = wrapper.application; includeInIndex = 0; path = AuiSegment.app; sourceTree = BUILT_PRODUCTS_DIR; };
		E731BBC429DC037500ADC468 /* AppDelegate.swift */ = {isa = PBXFileReference; lastKnownFileType = sourcecode.swift; path = AppDelegate.swift; sourceTree = "<group>"; };
		E731BBC629DC037500ADC468 /* SceneDelegate.swift */ = {isa = PBXFileReference; lastKnownFileType = sourcecode.swift; path = SceneDelegate.swift; sourceTree = "<group>"; };
		E731BBC829DC037500ADC468 /* ViewController.swift */ = {isa = PBXFileReference; lastKnownFileType = sourcecode.swift; path = ViewController.swift; sourceTree = "<group>"; };
		E731BBCB29DC037500ADC468 /* Base */ = {isa = PBXFileReference; lastKnownFileType = file.storyboard; name = Base; path = Base.lproj/Main.storyboard; sourceTree = "<group>"; };
		E731BBCD29DC037600ADC468 /* Assets.xcassets */ = {isa = PBXFileReference; lastKnownFileType = folder.assetcatalog; path = Assets.xcassets; sourceTree = "<group>"; };
		E731BBD029DC037600ADC468 /* Base */ = {isa = PBXFileReference; lastKnownFileType = file.storyboard; name = Base; path = Base.lproj/LaunchScreen.storyboard; sourceTree = "<group>"; };
		E731BBD229DC037600ADC468 /* Info.plist */ = {isa = PBXFileReference; lastKnownFileType = text.plist.xml; path = Info.plist; sourceTree = "<group>"; };
		E731BBDB29DC041C00ADC468 /* AUiSegmented.swift */ = {isa = PBXFileReference; fileEncoding = 4; lastKnownFileType = sourcecode.swift; path = AUiSegmented.swift; sourceTree = "<group>"; };
		E731BBDD29DC041C00ADC468 /* AUiSegmented+PredefinedStyles.swift */ = {isa = PBXFileReference; fileEncoding = 4; lastKnownFileType = sourcecode.swift; path = "AUiSegmented+PredefinedStyles.swift"; sourceTree = "<group>"; };
		E731BBDE29DC041C00ADC468 /* AUiSegmented+UIPointerInteractionDelegate.swift */ = {isa = PBXFileReference; fileEncoding = 4; lastKnownFileType = sourcecode.swift; path = "AUiSegmented+UIPointerInteractionDelegate.swift"; sourceTree = "<group>"; };
		E731BBDF29DC041C00ADC468 /* AUiSegmented+IBDesignable.swift */ = {isa = PBXFileReference; fileEncoding = 4; lastKnownFileType = sourcecode.swift; path = "AUiSegmented+IBDesignable.swift"; sourceTree = "<group>"; };
		E731BBE129DC041C00ADC468 /* UIView+Helpers.swift */ = {isa = PBXFileReference; fileEncoding = 4; lastKnownFileType = sourcecode.swift; path = "UIView+Helpers.swift"; sourceTree = "<group>"; };
		E731BBE229DC041C00ADC468 /* UIColor+Helpers.swift */ = {isa = PBXFileReference; fileEncoding = 4; lastKnownFileType = sourcecode.swift; path = "UIColor+Helpers.swift"; sourceTree = "<group>"; };
		E731BBE329DC041C00ADC468 /* AUiSegmented+IndicatorView.swift */ = {isa = PBXFileReference; fileEncoding = 4; lastKnownFileType = sourcecode.swift; path = "AUiSegmented+IndicatorView.swift"; sourceTree = "<group>"; };
		E731BBE529DC041C00ADC468 /* AUiIconSegment.swift */ = {isa = PBXFileReference; fileEncoding = 4; lastKnownFileType = sourcecode.swift; path = AUiIconSegment.swift; sourceTree = "<group>"; };
		E731BBE629DC041C00ADC468 /* AUiSegmentedSegment.swift */ = {isa = PBXFileReference; fileEncoding = 4; lastKnownFileType = sourcecode.swift; path = AUiSegmentedSegment.swift; sourceTree = "<group>"; };
		E731BBE729DC041C00ADC468 /* AUiLabelSegment.swift */ = {isa = PBXFileReference; fileEncoding = 4; lastKnownFileType = sourcecode.swift; path = AUiLabelSegment.swift; sourceTree = "<group>"; };
		E731BBE829DC041C00ADC468 /* AUiSegmented+Options.swift */ = {isa = PBXFileReference; fileEncoding = 4; lastKnownFileType = sourcecode.swift; path = "AUiSegmented+Options.swift"; sourceTree = "<group>"; };
/* End PBXFileReference section */

/* Begin PBXFrameworksBuildPhase section */
		E731BBBE29DC037500ADC468 /* Frameworks */ = {
			isa = PBXFrameworksBuildPhase;
			buildActionMask = 2147483647;
			files = (
			);
			runOnlyForDeploymentPostprocessing = 0;
		};
/* End PBXFrameworksBuildPhase section */

/* Begin PBXGroup section */
		E731BBB829DC037500ADC468 = {
			isa = PBXGroup;
			children = (
				E731BBC329DC037500ADC468 /* AuiSegment */,
				E731BBC229DC037500ADC468 /* Products */,
			);
			sourceTree = "<group>";
		};
		E731BBC229DC037500ADC468 /* Products */ = {
			isa = PBXGroup;
			children = (
				E731BBC129DC037500ADC468 /* AuiSegment.app */,
			);
			name = Products;
			sourceTree = "<group>";
		};
		E731BBC329DC037500ADC468 /* AuiSegment */ = {
			isa = PBXGroup;
			children = (
				E731BBD929DC041C00ADC468 /* AUiSegment */,
				E731BBC429DC037500ADC468 /* AppDelegate.swift */,
				E731BBC629DC037500ADC468 /* SceneDelegate.swift */,
				E731BBC829DC037500ADC468 /* ViewController.swift */,
				E731BBCA29DC037500ADC468 /* Main.storyboard */,
				E731BBCD29DC037600ADC468 /* Assets.xcassets */,
				E731BBCF29DC037600ADC468 /* LaunchScreen.storyboard */,
				E731BBD229DC037600ADC468 /* Info.plist */,
			);
			path = AuiSegment;
			sourceTree = "<group>";
		};
		E731BBD929DC041C00ADC468 /* AUiSegment */ = {
			isa = PBXGroup;
			children = (
				E731BBDA29DC041C00ADC468 /* Classes */,
			);
			path = AUiSegment;
			sourceTree = "<group>";
		};
		E731BBDA29DC041C00ADC468 /* Classes */ = {
			isa = PBXGroup;
			children = (
				E731BBDB29DC041C00ADC468 /* AUiSegmented.swift */,
				E731BBDD29DC041C00ADC468 /* AUiSegmented+PredefinedStyles.swift */,
				E731BBDE29DC041C00ADC468 /* AUiSegmented+UIPointerInteractionDelegate.swift */,
				E731BBDF29DC041C00ADC468 /* AUiSegmented+IBDesignable.swift */,
				E731BBE029DC041C00ADC468 /* Helpers */,
				E731BBE329DC041C00ADC468 /* AUiSegmented+IndicatorView.swift */,
				E731BBE429DC041C00ADC468 /* Segments */,
				E731BBE829DC041C00ADC468 /* AUiSegmented+Options.swift */,
			);
			path = Classes;
			sourceTree = "<group>";
		};
		E731BBE029DC041C00ADC468 /* Helpers */ = {
			isa = PBXGroup;
			children = (
				E731BBE129DC041C00ADC468 /* UIView+Helpers.swift */,
				E731BBE229DC041C00ADC468 /* UIColor+Helpers.swift */,
			);
			path = Helpers;
			sourceTree = "<group>";
		};
		E731BBE429DC041C00ADC468 /* Segments */ = {
			isa = PBXGroup;
			children = (
				E731BBE529DC041C00ADC468 /* AUiIconSegment.swift */,
				E731BBE629DC041C00ADC468 /* AUiSegmentedSegment.swift */,
				E731BBE729DC041C00ADC468 /* AUiLabelSegment.swift */,
			);
			path = Segments;
			sourceTree = "<group>";
		};
/* End PBXGroup section */

/* Begin PBXNativeTarget section */
		E731BBC029DC037500ADC468 /* AuiSegment */ = {
			isa = PBXNativeTarget;
			buildConfigurationList = E731BBD529DC037600ADC468 /* Build configuration list for PBXNativeTarget "AuiSegment" */;
			buildPhases = (
				E731BBBD29DC037500ADC468 /* Sources */,
				E731BBBE29DC037500ADC468 /* Frameworks */,
				E731BBBF29DC037500ADC468 /* Resources */,
			);
			buildRules = (
			);
			dependencies = (
			);
			name = AuiSegment;
			productName = AuiSegment;
			productReference = E731BBC129DC037500ADC468 /* AuiSegment.app */;
			productType = "com.apple.product-type.application";
		};
/* End PBXNativeTarget section */

/* Begin PBXProject section */
		E731BBB929DC037500ADC468 /* Project object */ = {
			isa = PBXProject;
			attributes = {
				BuildIndependentTargetsInParallel = 1;
				LastSwiftUpdateCheck = 1420;
				LastUpgradeCheck = 1420;
				TargetAttributes = {
					E731BBC029DC037500ADC468 = {
						CreatedOnToolsVersion = 14.2;
					};
				};
			};
			buildConfigurationList = E731BBBC29DC037500ADC468 /* Build configuration list for PBXProject "AuiSegment" */;
			compatibilityVersion = "Xcode 14.0";
			developmentRegion = en;
			hasScannedForEncodings = 0;
			knownRegions = (
				en,
				Base,
			);
			mainGroup = E731BBB829DC037500ADC468;
			productRefGroup = E731BBC229DC037500ADC468 /* Products */;
			projectDirPath = "";
			projectRoot = "";
			targets = (
				E731BBC029DC037500ADC468 /* AuiSegment */,
			);
		};
/* End PBXProject section */

/* Begin PBXResourcesBuildPhase section */
		E731BBBF29DC037500ADC468 /* Resources */ = {
			isa = PBXResourcesBuildPhase;
			buildActionMask = 2147483647;
			files = (
				E731BBD129DC037600ADC468 /* LaunchScreen.storyboard in Resources */,
				E731BBCE29DC037600ADC468 /* Assets.xcassets in Resources */,
				E731BBCC29DC037500ADC468 /* Main.storyboard in Resources */,
			);
			runOnlyForDeploymentPostprocessing = 0;
		};
/* End PBXResourcesBuildPhase section */

/* Begin PBXSourcesBuildPhase section */
		E731BBBD29DC037500ADC468 /* Sources */ = {
			isa = PBXSourcesBuildPhase;
			buildActionMask = 2147483647;
			files = (
				E731BBF529DC041C00ADC468 /* AUiLabelSegment.swift in Sources */,
				E731BBEF29DC041C00ADC468 /* AUiSegmented+IBDesignable.swift in Sources */,
				E731BBF329DC041C00ADC468 /* AUiIconSegment.swift in Sources */,
				E731BBF629DC041C00ADC468 /* AUiSegmented+Options.swift in Sources */,
				E731BBC929DC037500ADC468 /* ViewController.swift in Sources */,
				E731BBC529DC037500ADC468 /* AppDelegate.swift in Sources */,
				E731BBEE29DC041C00ADC468 /* AUiSegmented+UIPointerInteractionDelegate.swift in Sources */,
				E731BBF129DC041C00ADC468 /* UIColor+Helpers.swift in Sources */,
				E731BBF229DC041C00ADC468 /* AUiSegmented+IndicatorView.swift in Sources */,
				E731BBED29DC041C00ADC468 /* AUiSegmented+PredefinedStyles.swift in Sources */,
				E731BBF429DC041C00ADC468 /* AUiSegmentedSegment.swift in Sources */,
				E731BBEB29DC041C00ADC468 /* AUiSegmented.swift in Sources */,
				E731BBF029DC041C00ADC468 /* UIView+Helpers.swift in Sources */,
				E731BBC729DC037500ADC468 /* SceneDelegate.swift in Sources */,
			);
			runOnlyForDeploymentPostprocessing = 0;
		};
/* End PBXSourcesBuildPhase section */

/* Begin PBXVariantGroup section */
		E731BBCA29DC037500ADC468 /* Main.storyboard */ = {
			isa = PBXVariantGroup;
			children = (
				E731BBCB29DC037500ADC468 /* Base */,
			);
			name = Main.storyboard;
			sourceTree = "<group>";
		};
		E731BBCF29DC037600ADC468 /* LaunchScreen.storyboard */ = {
			isa = PBXVariantGroup;
			children = (
				E731BBD029DC037600ADC468 /* Base */,
			);
			name = LaunchScreen.storyboard;
			sourceTree = "<group>";
		};
/* End PBXVariantGroup section */

/* Begin XCBuildConfiguration section */
		E731BBD329DC037600ADC468 /* Debug */ = {
			isa = XCBuildConfiguration;
			buildSettings = {
				ALWAYS_SEARCH_USER_PATHS = NO;
				CLANG_ANALYZER_NONNULL = YES;
				CLANG_ANALYZER_NUMBER_OBJECT_CONVERSION = YES_AGGRESSIVE;
				CLANG_CXX_LANGUAGE_STANDARD = "gnu++20";
				CLANG_ENABLE_MODULES = YES;
				CLANG_ENABLE_OBJC_ARC = YES;
				CLANG_ENABLE_OBJC_WEAK = YES;
				CLANG_WARN_BLOCK_CAPTURE_AUTORELEASING = YES;
				CLANG_WARN_BOOL_CONVERSION = YES;
				CLANG_WARN_COMMA = YES;
				CLANG_WARN_CONSTANT_CONVERSION = YES;
				CLANG_WARN_DEPRECATED_OBJC_IMPLEMENTATIONS = YES;
				CLANG_WARN_DIRECT_OBJC_ISA_USAGE = YES_ERROR;
				CLANG_WARN_DOCUMENTATION_COMMENTS = YES;
				CLANG_WARN_EMPTY_BODY = YES;
				CLANG_WARN_ENUM_CONVERSION = YES;
				CLANG_WARN_INFINITE_RECURSION = YES;
				CLANG_WARN_INT_CONVERSION = YES;
				CLANG_WARN_NON_LITERAL_NULL_CONVERSION = YES;
				CLANG_WARN_OBJC_IMPLICIT_RETAIN_SELF = YES;
				CLANG_WARN_OBJC_LITERAL_CONVERSION = YES;
				CLANG_WARN_OBJC_ROOT_CLASS = YES_ERROR;
				CLANG_WARN_QUOTED_INCLUDE_IN_FRAMEWORK_HEADER = YES;
				CLANG_WARN_RANGE_LOOP_ANALYSIS = YES;
				CLANG_WARN_STRICT_PROTOTYPES = YES;
				CLANG_WARN_SUSPICIOUS_MOVE = YES;
				CLANG_WARN_UNGUARDED_AVAILABILITY = YES_AGGRESSIVE;
				CLANG_WARN_UNREACHABLE_CODE = YES;
				CLANG_WARN__DUPLICATE_METHOD_MATCH = YES;
				COPY_PHASE_STRIP = NO;
				DEBUG_INFORMATION_FORMAT = dwarf;
				ENABLE_STRICT_OBJC_MSGSEND = YES;
				ENABLE_TESTABILITY = YES;
				GCC_C_LANGUAGE_STANDARD = gnu11;
				GCC_DYNAMIC_NO_PIC = NO;
				GCC_NO_COMMON_BLOCKS = YES;
				GCC_OPTIMIZATION_LEVEL = 0;
				GCC_PREPROCESSOR_DEFINITIONS = (
					"DEBUG=1",
					"$(inherited)",
				);
				GCC_WARN_64_TO_32_BIT_CONVERSION = YES;
				GCC_WARN_ABOUT_RETURN_TYPE = YES_ERROR;
				GCC_WARN_UNDECLARED_SELECTOR = YES;
				GCC_WARN_UNINITIALIZED_AUTOS = YES_AGGRESSIVE;
				GCC_WARN_UNUSED_FUNCTION = YES;
				GCC_WARN_UNUSED_VARIABLE = YES;
				IPHONEOS_DEPLOYMENT_TARGET = 16.2;
				MTL_ENABLE_DEBUG_INFO = INCLUDE_SOURCE;
				MTL_FAST_MATH = YES;
				ONLY_ACTIVE_ARCH = YES;
				SDKROOT = iphoneos;
				SWIFT_ACTIVE_COMPILATION_CONDITIONS = DEBUG;
				SWIFT_OPTIMIZATION_LEVEL = "-Onone";
			};
			name = Debug;
		};
		E731BBD429DC037600ADC468 /* Release */ = {
			isa = XCBuildConfiguration;
			buildSettings = {
				ALWAYS_SEARCH_USER_PATHS = NO;
				CLANG_ANALYZER_NONNULL = YES;
				CLANG_ANALYZER_NUMBER_OBJECT_CONVERSION = YES_AGGRESSIVE;
				CLANG_CXX_LANGUAGE_STANDARD = "gnu++20";
				CLANG_ENABLE_MODULES = YES;
				CLANG_ENABLE_OBJC_ARC = YES;
				CLANG_ENABLE_OBJC_WEAK = YES;
				CLANG_WARN_BLOCK_CAPTURE_AUTORELEASING = YES;
				CLANG_WARN_BOOL_CONVERSION = YES;
				CLANG_WARN_COMMA = YES;
				CLANG_WARN_CONSTANT_CONVERSION = YES;
				CLANG_WARN_DEPRECATED_OBJC_IMPLEMENTATIONS = YES;
				CLANG_WARN_DIRECT_OBJC_ISA_USAGE = YES_ERROR;
				CLANG_WARN_DOCUMENTATION_COMMENTS = YES;
				CLANG_WARN_EMPTY_BODY = YES;
				CLANG_WARN_ENUM_CONVERSION = YES;
				CLANG_WARN_INFINITE_RECURSION = YES;
				CLANG_WARN_INT_CONVERSION = YES;
				CLANG_WARN_NON_LITERAL_NULL_CONVERSION = YES;
				CLANG_WARN_OBJC_IMPLICIT_RETAIN_SELF = YES;
				CLANG_WARN_OBJC_LITERAL_CONVERSION = YES;
				CLANG_WARN_OBJC_ROOT_CLASS = YES_ERROR;
				CLANG_WARN_QUOTED_INCLUDE_IN_FRAMEWORK_HEADER = YES;
				CLANG_WARN_RANGE_LOOP_ANALYSIS = YES;
				CLANG_WARN_STRICT_PROTOTYPES = YES;
				CLANG_WARN_SUSPICIOUS_MOVE = YES;
				CLANG_WARN_UNGUARDED_AVAILABILITY = YES_AGGRESSIVE;
				CLANG_WARN_UNREACHABLE_CODE = YES;
				CLANG_WARN__DUPLICATE_METHOD_MATCH = YES;
				COPY_PHASE_STRIP = NO;
				DEBUG_INFORMATION_FORMAT = "dwarf-with-dsym";
				ENABLE_NS_ASSERTIONS = NO;
				ENABLE_STRICT_OBJC_MSGSEND = YES;
				GCC_C_LANGUAGE_STANDARD = gnu11;
				GCC_NO_COMMON_BLOCKS = YES;
				GCC_WARN_64_TO_32_BIT_CONVERSION = YES;
				GCC_WARN_ABOUT_RETURN_TYPE = YES_ERROR;
				GCC_WARN_UNDECLARED_SELECTOR = YES;
				GCC_WARN_UNINITIALIZED_AUTOS = YES_AGGRESSIVE;
				GCC_WARN_UNUSED_FUNCTION = YES;
				GCC_WARN_UNUSED_VARIABLE = YES;
				IPHONEOS_DEPLOYMENT_TARGET = 16.2;
				MTL_ENABLE_DEBUG_INFO = NO;
				MTL_FAST_MATH = YES;
				SDKROOT = iphoneos;
				SWIFT_COMPILATION_MODE = wholemodule;
				SWIFT_OPTIMIZATION_LEVEL = "-O";
				VALIDATE_PRODUCT = YES;
			};
			name = Release;
		};
		E731BBD629DC037600ADC468 /* Debug */ = {
			isa = XCBuildConfiguration;
			buildSettings = {
				ASSETCATALOG_COMPILER_APPICON_NAME = AppIcon;
				ASSETCATALOG_COMPILER_GLOBAL_ACCENT_COLOR_NAME = AccentColor;
				CODE_SIGN_STYLE = Automatic;
				CURRENT_PROJECT_VERSION = 1;
				DEVELOPMENT_TEAM = YS397FG5PA;
				GENERATE_INFOPLIST_FILE = YES;
				INFOPLIST_FILE = AuiSegment/Info.plist;
				INFOPLIST_KEY_UIApplicationSupportsIndirectInputEvents = YES;
				INFOPLIST_KEY_UILaunchStoryboardName = LaunchScreen;
				INFOPLIST_KEY_UIMainStoryboardFile = Main;
				INFOPLIST_KEY_UISupportedInterfaceOrientations_iPad = "UIInterfaceOrientationPortrait UIInterfaceOrientationPortraitUpsideDown UIInterfaceOrientationLandscapeLeft UIInterfaceOrientationLandscapeRight";
				INFOPLIST_KEY_UISupportedInterfaceOrientations_iPhone = "UIInterfaceOrientationPortrait UIInterfaceOrientationLandscapeLeft UIInterfaceOrientationLandscapeRight";
				LD_RUNPATH_SEARCH_PATHS = (
					"$(inherited)",
					"@executable_path/Frameworks",
				);
				MARKETING_VERSION = 1.0;
				PRODUCT_BUNDLE_IDENTIFIER = io.agora.segment.AuiSegment;
				PRODUCT_NAME = "$(TARGET_NAME)";
				SWIFT_EMIT_LOC_STRINGS = YES;
				SWIFT_VERSION = 5.0;
				TARGETED_DEVICE_FAMILY = "1,2";
			};
			name = Debug;
		};
		E731BBD729DC037600ADC468 /* Release */ = {
			isa = XCBuildConfiguration;
			buildSettings = {
				ASSETCATALOG_COMPILER_APPICON_NAME = AppIcon;
				ASSETCATALOG_COMPILER_GLOBAL_ACCENT_COLOR_NAME = AccentColor;
				CODE_SIGN_STYLE = Automatic;
				CURRENT_PROJECT_VERSION = 1;
				DEVELOPMENT_TEAM = YS397FG5PA;
				GENERATE_INFOPLIST_FILE = YES;
				INFOPLIST_FILE = AuiSegment/Info.plist;
				INFOPLIST_KEY_UIApplicationSupportsIndirectInputEvents = YES;
				INFOPLIST_KEY_UILaunchStoryboardName = LaunchScreen;
				INFOPLIST_KEY_UIMainStoryboardFile = Main;
				INFOPLIST_KEY_UISupportedInterfaceOrientations_iPad = "UIInterfaceOrientationPortrait UIInterfaceOrientationPortraitUpsideDown UIInterfaceOrientationLandscapeLeft UIInterfaceOrientationLandscapeRight";
				INFOPLIST_KEY_UISupportedInterfaceOrientations_iPhone = "UIInterfaceOrientationPortrait UIInterfaceOrientationLandscapeLeft UIInterfaceOrientationLandscapeRight";
				LD_RUNPATH_SEARCH_PATHS = (
					"$(inherited)",
					"@executable_path/Frameworks",
				);
				MARKETING_VERSION = 1.0;
				PRODUCT_BUNDLE_IDENTIFIER = io.agora.segment.AuiSegment;
				PRODUCT_NAME = "$(TARGET_NAME)";
				SWIFT_EMIT_LOC_STRINGS = YES;
				SWIFT_VERSION = 5.0;
				TARGETED_DEVICE_FAMILY = "1,2";
			};
			name = Release;
		};
/* End XCBuildConfiguration section */

/* Begin XCConfigurationList section */
		E731BBBC29DC037500ADC468 /* Build configuration list for PBXProject "AuiSegment" */ = {
			isa = XCConfigurationList;
			buildConfigurations = (
				E731BBD329DC037600ADC468 /* Debug */,
				E731BBD429DC037600ADC468 /* Release */,
			);
			defaultConfigurationIsVisible = 0;
			defaultConfigurationName = Release;
		};
		E731BBD529DC037600ADC468 /* Build configuration list for PBXNativeTarget "AuiSegment" */ = {
			isa = XCConfigurationList;
			buildConfigurations = (
				E731BBD629DC037600ADC468 /* Debug */,
				E731BBD729DC037600ADC468 /* Release */,
			);
			defaultConfigurationIsVisible = 0;
			defaultConfigurationName = Release;
		};
/* End XCConfigurationList section */
	};
	rootObject = E731BBB929DC037500ADC468 /* Project object */;
}
